hash: 0067e480c472323517be14222852d80b02a8ac37fd02669601c82ac4658687ca
updated: 2017-08-02T13:45:59.826183713+01:00
imports:
- name: github.com/giantswarm/microerror
  version: 7bf6a0a6d24b1e3a03af3ed3a8e3531d792ea3e3
- name: github.com/juju/errgo
  version: 08cceb5d0b5331634b9826762a8fd53b29b86ad8
testImports: []
